// !$*UTF8*$!
{
	archiveVersion = 1;
	classes = {
	};
	objectVersion = 46;
	objects = {

/* Begin PBXBuildFile section */
		140EB64A1BEDCCCA00E61A81 /* main.m in Sources */ = {isa = PBXBuildFile; fileRef = 140EB6491BEDCCCA00E61A81 /* main.m */; };
		140EB6531BEDCCCA00E61A81 /* Main.storyboard in Resources */ = {isa = PBXBuildFile; fileRef = 140EB6511BEDCCCA00E61A81 /* Main.storyboard */; };
		140EB6551BEDCCCA00E61A81 /* Assets.xcassets in Resources */ = {isa = PBXBuildFile; fileRef = 140EB6541BEDCCCA00E61A81 /* Assets.xcassets */; };
		140EB6581BEDCCCA00E61A81 /* LaunchScreen.storyboard in Resources */ = {isa = PBXBuildFile; fileRef = 140EB6561BEDCCCA00E61A81 /* LaunchScreen.storyboard */; };
		140EB6771BEDD07800E61A81 /* AppDelegate.m in Sources */ = {isa = PBXBuildFile; fileRef = 140EB66A1BEDD07800E61A81 /* AppDelegate.m */; };
		140EB6781BEDD07800E61A81 /* ViewController.m in Sources */ = {isa = PBXBuildFile; fileRef = 140EB66C1BEDD07800E61A81 /* ViewController.m */; };
		140EB6791BEDD07800E61A81 /* ClockViewController.m in Sources */ = {isa = PBXBuildFile; fileRef = 140EB6701BEDD07800E61A81 /* ClockViewController.m */; };
		140EB67A1BEDD07800E61A81 /* HeartbeatViewController.m in Sources */ = {isa = PBXBuildFile; fileRef = 140EB6731BEDD07800E61A81 /* HeartbeatViewController.m */; };
		140EB67B1BEDD07800E61A81 /* TurntableViewController.m in Sources */ = {isa = PBXBuildFile; fileRef = 140EB6761BEDD07800E61A81 /* TurntableViewController.m */; };
		140EB67E1BEEE9F300E61A81 /* EVAWheelView.m in Sources */ = {isa = PBXBuildFile; fileRef = 140EB67D1BEEE9F300E61A81 /* EVAWheelView.m */; };
		140EB6801BEEEA1000E61A81 /* EVAWheelView.xib in Resources */ = {isa = PBXBuildFile; fileRef = 140EB67F1BEEEA1000E61A81 /* EVAWheelView.xib */; };
		140EB6831BEF5CBF00E61A81 /* EVAWheelButton.m in Sources */ = {isa = PBXBuildFile; fileRef = 140EB6821BEF5CBF00E61A81 /* EVAWheelButton.m */; };
		14EA8B9B1BF0305300DD72F8 /* EVAWaitViewController.m in Sources */ = {isa = PBXBuildFile; fileRef = 14EA8B9A1BF0305300DD72F8 /* EVAWaitViewController.m */; };
/* End PBXBuildFile section */

/* Begin PBXFileReference section */
		140EB6451BEDCCCA00E61A81 /* CALayerAnimatable.app */ = {isa = PBXFileReference; explicitFileType = wrapper.application; includeInIndex = 0; path = CALayerAnimatable.app; sourceTree = BUILT_PRODUCTS_DIR; };
		140EB6491BEDCCCA00E61A81 /* main.m */ = {isa = PBXFileReference; lastKnownFileType = sourcecode.c.objc; path = main.m; sourceTree = "<group>"; };
		140EB6521BEDCCCA00E61A81 /* Base */ = {isa = PBXFileReference; lastKnownFileType = file.storyboard; name = Base; path = Base.lproj/Main.storyboard; sourceTree = "<group>"; };
		140EB6541BEDCCCA00E61A81 /* Assets.xcassets */ = {isa = PBXFileReference; lastKnownFileType = folder.assetcatalog; path = Assets.xcassets; sourceTree = "<group>"; };
		140EB6571BEDCCCA00E61A81 /* Base */ = {isa = PBXFileReference; lastKnownFileType = file.storyboard; name = Base; path = Base.lproj/LaunchScreen.storyboard; sourceTree = "<group>"; };
		140EB6591BEDCCCA00E61A81 /* Info.plist */ = {isa = PBXFileReference; lastKnownFileType = text.plist.xml; path = Info.plist; sourceTree = "<group>"; };
		140EB6691BEDD07800E61A81 /* AppDelegate.h */ = {isa = PBXFileReference; fileEncoding = 4; lastKnownFileType = sourcecode.c.h; path = AppDelegate.h; sourceTree = "<group>"; };
		140EB66A1BEDD07800E61A81 /* AppDelegate.m */ = {isa = PBXFileReference; fileEncoding = 4; lastKnownFileType = sourcecode.c.objc; path = AppDelegate.m; sourceTree = "<group>"; };
		140EB66B1BEDD07800E61A81 /* ViewController.h */ = {isa = PBXFileReference; fileEncoding = 4; lastKnownFileType = sourcecode.c.h; path = ViewController.h; sourceTree = "<group>"; };
		140EB66C1BEDD07800E61A81 /* ViewController.m */ = {isa = PBXFileReference; fileEncoding = 4; lastKnownFileType = sourcecode.c.objc; path = ViewController.m; sourceTree = "<group>"; };
		140EB66F1BEDD07800E61A81 /* ClockViewController.h */ = {isa = PBXFileReference; fileEncoding = 4; lastKnownFileType = sourcecode.c.h; path = ClockViewController.h; sourceTree = "<group>"; };
		140EB6701BEDD07800E61A81 /* ClockViewController.m */ = {isa = PBXFileReference; fileEncoding = 4; lastKnownFileType = sourcecode.c.objc; path = ClockViewController.m; sourceTree = "<group>"; };
		140EB6721BEDD07800E61A81 /* HeartbeatViewController.h */ = {isa = PBXFileReference; fileEncoding = 4; lastKnownFileType = sourcecode.c.h; path = HeartbeatViewController.h; sourceTree = "<group>"; };
		140EB6731BEDD07800E61A81 /* HeartbeatViewController.m */ = {isa = PBXFileReference; fileEncoding = 4; lastKnownFileType = sourcecode.c.objc; path = HeartbeatViewController.m; sourceTree = "<group>"; };
		140EB6751BEDD07800E61A81 /* TurntableViewController.h */ = {isa = PBXFileReference; fileEncoding = 4; lastKnownFileType = sourcecode.c.h; path = TurntableViewController.h; sourceTree = "<group>"; };
		140EB6761BEDD07800E61A81 /* TurntableViewController.m */ = {isa = PBXFileReference; fileEncoding = 4; lastKnownFileType = sourcecode.c.objc; path = TurntableViewController.m; sourceTree = "<group>"; };
		140EB67C1BEEE9F300E61A81 /* EVAWheelView.h */ = {isa = PBXFileReference; fileEncoding = 4; lastKnownFileType = sourcecode.c.h; path = EVAWheelView.h; sourceTree = "<group>"; };
		140EB67D1BEEE9F300E61A81 /* EVAWheelView.m */ = {isa = PBXFileReference; fileEncoding = 4; lastKnownFileType = sourcecode.c.objc; path = EVAWheelView.m; sourceTree = "<group>"; };
		140EB67F1BEEEA1000E61A81 /* EVAWheelView.xib */ = {isa = PBXFileReference; fileEncoding = 4; lastKnownFileType = file.xib; path = EVAWheelView.xib; sourceTree = "<group>"; };
		140EB6811BEF5CBF00E61A81 /* EVAWheelButton.h */ = {isa = PBXFileReference; fileEncoding = 4; lastKnownFileType = sourcecode.c.h; path = EVAWheelButton.h; sourceTree = "<group>"; };
		140EB6821BEF5CBF00E61A81 /* EVAWheelButton.m */ = {isa = PBXFileReference; fileEncoding = 4; lastKnownFileType = sourcecode.c.objc; path = EVAWheelButton.m; sourceTree = "<group>"; };
		14EA8B991BF0305300DD72F8 /* EVAWaitViewController.h */ = {isa = PBXFileReference; fileEncoding = 4; lastKnownFileType = sourcecode.c.h; path = EVAWaitViewController.h; sourceTree = "<group>"; };
		14EA8B9A1BF0305300DD72F8 /* EVAWaitViewController.m */ = {isa = PBXFileReference; fileEncoding = 4; lastKnownFileType = sourcecode.c.objc; path = EVAWaitViewController.m; sourceTree = "<group>"; };
/* End PBXFileReference section */

/* Begin PBXFrameworksBuildPhase section */
		140EB6421BEDCCCA00E61A81 /* Frameworks */ = {
			isa = PBXFrameworksBuildPhase;
			buildActionMask = 2147483647;
			files = (
			);
			runOnlyForDeploymentPostprocessing = 0;
		};
/* End PBXFrameworksBuildPhase section */

/* Begin PBXGroup section */
		140EB63C1BEDCCCA00E61A81 = {
			isa = PBXGroup;
			children = (
				140EB6471BEDCCCA00E61A81 /* CALayerAnimatable */,
				140EB6461BEDCCCA00E61A81 /* Products */,
			);
			sourceTree = "<group>";
		};
		140EB6461BEDCCCA00E61A81 /* Products */ = {
			isa = PBXGroup;
			children = (
				140EB6451BEDCCCA00E61A81 /* CALayerAnimatable.app */,
			);
			name = Products;
			sourceTree = "<group>";
		};
		140EB6471BEDCCCA00E61A81 /* CALayerAnimatable */ = {
			isa = PBXGroup;
			children = (
				140EB6681BEDD07800E61A81 /* Main */,
				140EB66D1BEDD07800E61A81 /* src */,
				140EB6511BEDCCCA00E61A81 /* Main.storyboard */,
				140EB6481BEDCCCA00E61A81 /* Supporting Files */,
			);
			path = CALayerAnimatable;
			sourceTree = "<group>";
		};
		140EB6481BEDCCCA00E61A81 /* Supporting Files */ = {
			isa = PBXGroup;
			children = (
				140EB6541BEDCCCA00E61A81 /* Assets.xcassets */,
				140EB6561BEDCCCA00E61A81 /* LaunchScreen.storyboard */,
				140EB6591BEDCCCA00E61A81 /* Info.plist */,
				140EB6491BEDCCCA00E61A81 /* main.m */,
			);
			name = "Supporting Files";
			sourceTree = "<group>";
		};
		140EB6681BEDD07800E61A81 /* Main */ = {
			isa = PBXGroup;
			children = (
				140EB6691BEDD07800E61A81 /* AppDelegate.h */,
				140EB66A1BEDD07800E61A81 /* AppDelegate.m */,
				140EB66B1BEDD07800E61A81 /* ViewController.h */,
				140EB66C1BEDD07800E61A81 /* ViewController.m */,
			);
			path = Main;
			sourceTree = "<group>";
		};
		140EB66D1BEDD07800E61A81 /* src */ = {
			isa = PBXGroup;
			children = (
				14EA8B981BF0304000DD72F8 /* Wait */,
				140EB66E1BEDD07800E61A81 /* Clock */,
				140EB6711BEDD07800E61A81 /* Heartbeat */,
				140EB6741BEDD07800E61A81 /* Turntable */,
			);
			path = src;
			sourceTree = "<group>";
		};
		140EB66E1BEDD07800E61A81 /* Clock */ = {
			isa = PBXGroup;
			children = (
				140EB66F1BEDD07800E61A81 /* ClockViewController.h */,
				140EB6701BEDD07800E61A81 /* ClockViewController.m */,
			);
			path = Clock;
			sourceTree = "<group>";
		};
		140EB6711BEDD07800E61A81 /* Heartbeat */ = {
			isa = PBXGroup;
			children = (
				140EB6721BEDD07800E61A81 /* HeartbeatViewController.h */,
				140EB6731BEDD07800E61A81 /* HeartbeatViewController.m */,
			);
			path = Heartbeat;
			sourceTree = "<group>";
		};
		140EB6741BEDD07800E61A81 /* Turntable */ = {
			isa = PBXGroup;
			children = (
				140EB6751BEDD07800E61A81 /* TurntableViewController.h */,
				140EB6761BEDD07800E61A81 /* TurntableViewController.m */,
				140EB67C1BEEE9F300E61A81 /* EVAWheelView.h */,
				140EB67D1BEEE9F300E61A81 /* EVAWheelView.m */,
				140EB67F1BEEEA1000E61A81 /* EVAWheelView.xib */,
				140EB6811BEF5CBF00E61A81 /* EVAWheelButton.h */,
				140EB6821BEF5CBF00E61A81 /* EVAWheelButton.m */,
			);
			path = Turntable;
			sourceTree = "<group>";
		};
		14EA8B981BF0304000DD72F8 /* Wait */ = {
			isa = PBXGroup;
			children = (
				14EA8B991BF0305300DD72F8 /* EVAWaitViewController.h */,
				14EA8B9A1BF0305300DD72F8 /* EVAWaitViewController.m */,
			);
			path = Wait;
			sourceTree = "<group>";
		};
/* End PBXGroup section */

/* Begin PBXNativeTarget section */
		140EB6441BEDCCCA00E61A81 /* CALayerAnimatable */ = {
			isa = PBXNativeTarget;
			buildConfigurationList = 140EB65C1BEDCCCA00E61A81 /* Build configuration list for PBXNativeTarget "CALayerAnimatable" */;
			buildPhases = (
				140EB6411BEDCCCA00E61A81 /* Sources */,
				140EB6421BEDCCCA00E61A81 /* Frameworks */,
				140EB6431BEDCCCA00E61A81 /* Resources */,
			);
			buildRules = (
			);
			dependencies = (
			);
			name = CALayerAnimatable;
			productName = CALayerAnimatable;
			productReference = 140EB6451BEDCCCA00E61A81 /* CALayerAnimatable.app */;
			productType = "com.apple.product-type.application";
		};
/* End PBXNativeTarget section */

/* Begin PBXProject section */
		140EB63D1BEDCCCA00E61A81 /* Project object */ = {
			isa = PBXProject;
			attributes = {
				CLASSPREFIX = EVA;
				LastUpgradeCheck = 0710;
				ORGANIZATIONNAME = lyh;
				TargetAttributes = {
					140EB6441BEDCCCA00E61A81 = {
						CreatedOnToolsVersion = 7.1;
						DevelopmentTeam = 54QJF9L7X8;
					};
				};
			};
			buildConfigurationList = 140EB6401BEDCCCA00E61A81 /* Build configuration list for PBXProject "CALayerAnimatable" */;
			compatibilityVersion = "Xcode 3.2";
			developmentRegion = English;
			hasScannedForEncodings = 0;
			knownRegions = (
				en,
				Base,
			);
			mainGroup = 140EB63C1BEDCCCA00E61A81;
			productRefGroup = 140EB6461BEDCCCA00E61A81 /* Products */;
			projectDirPath = "";
			projectRoot = "";
			targets = (
				140EB6441BEDCCCA00E61A81 /* CALayerAnimatable */,
			);
		};
/* End PBXProject section */

/* Begin PBXResourcesBuildPhase section */
		140EB6431BEDCCCA00E61A81 /* Resources */ = {
			isa = PBXResourcesBuildPhase;
			buildActionMask = 2147483647;
			files = (
				140EB6581BEDCCCA00E61A81 /* LaunchScreen.storyboard in Resources */,
				140EB6801BEEEA1000E61A81 /* EVAWheelView.xib in Resources */,
				140EB6551BEDCCCA00E61A81 /* Assets.xcassets in Resources */,
				140EB6531BEDCCCA00E61A81 /* Main.storyboard in Resources */,
			);
			runOnlyForDeploymentPostprocessing = 0;
		};
/* End PBXResourcesBuildPhase section */

/* Begin PBXSourcesBuildPhase section */
		140EB6411BEDCCCA00E61A81 /* Sources */ = {
			isa = PBXSourcesBuildPhase;
			buildActionMask = 2147483647;
			files = (
				140EB6831BEF5CBF00E61A81 /* EVAWheelButton.m in Sources */,
				140EB6781BEDD07800E61A81 /* ViewController.m in Sources */,
				14EA8B9B1BF0305300DD72F8 /* EVAWaitViewController.m in Sources */,
				140EB6771BEDD07800E61A81 /* AppDelegate.m in Sources */,
				140EB64A1BEDCCCA00E61A81 /* main.m in Sources */,
				140EB6791BEDD07800E61A81 /* ClockViewController.m in Sources */,
				140EB67B1BEDD07800E61A81 /* TurntableViewController.m in Sources */,
				140EB67A1BEDD07800E61A81 /* HeartbeatViewController.m in Sources */,
				140EB67E1BEEE9F300E61A81 /* EVAWheelView.m in Sources */,
			);
			runOnlyForDeploymentPostprocessing = 0;
		};
/* End PBXSourcesBuildPhase section */

/* Begin PBXVariantGroup section */
		140EB6511BEDCCCA00E61A81 /* Main.storyboard */ = {
			isa = PBXVariantGroup;
			children = (
				140EB6521BEDCCCA00E61A81 /* Base */,
			);
			name = Main.storyboard;
			sourceTree = "<group>";
		};
		140EB6561BEDCCCA00E61A81 /* LaunchScreen.storyboard */ = {
			isa = PBXVariantGroup;
			children = (
				140EB6571BEDCCCA00E61A81 /* Base */,
			);
			name = LaunchScreen.storyboard;
			sourceTree = "<group>";
		};
/* End PBXVariantGroup section */

/* Begin XCBuildConfiguration section */
		140EB65A1BEDCCCA00E61A81 /* Debug */ = {
			isa = XCBuildConfiguration;
			buildSettings = {
				ALWAYS_SEARCH_USER_PATHS = NO;
				CLANG_CXX_LANGUAGE_STANDARD = "gnu++0x";
				CLANG_CXX_LIBRARY = "libc++";
				CLANG_ENABLE_MODULES = YES;
				CLANG_ENABLE_OBJC_ARC = YES;
				CLANG_WARN_BOOL_CONVERSION = YES;
				CLANG_WARN_CONSTANT_CONVERSION = YES;
				CLANG_WARN_DIRECT_OBJC_ISA_USAGE = YES_ERROR;
				CLANG_WARN_EMPTY_BODY = YES;
				CLANG_WARN_ENUM_CONVERSION = YES;
				CLANG_WARN_INT_CONVERSION = YES;
				CLANG_WARN_OBJC_ROOT_CLASS = YES_ERROR;
				CLANG_WARN_UNREACHABLE_CODE = YES;
				CLANG_WARN__DUPLICATE_METHOD_MATCH = YES;
				"CODE_SIGN_IDENTITY[sdk=iphoneos*]" = "iPhone Developer";
				COPY_PHASE_STRIP = NO;
				DEBUG_INFORMATION_FORMAT = dwarf;
				ENABLE_STRICT_OBJC_MSGSEND = YES;
				ENABLE_TESTABILITY = YES;
				GCC_C_LANGUAGE_STANDARD = gnu99;
				GCC_DYNAMIC_NO_PIC = NO;
				GCC_NO_COMMON_BLOCKS = YES;
				GCC_OPTIMIZATION_LEVEL = 0;
				GCC_PREPROCESSOR_DEFINITIONS = (
					"DEBUG=1",
					"$(inherited)",
				);
				GCC_WARN_64_TO_32_BIT_CONVERSION = YES;
				GCC_WARN_ABOUT_RETURN_TYPE = YES_ERROR;
				GCC_WARN_UNDECLARED_SELECTOR = YES;
				GCC_WARN_UNINITIALIZED_AUTOS = YES_AGGRESSIVE;
				GCC_WARN_UNUSED_FUNCTION = YES;
				GCC_WARN_UNUSED_VARIABLE = YES;
				IPHONEOS_DEPLOYMENT_TARGET = 9.1;
				MTL_ENABLE_DEBUG_INFO = YES;
				ONLY_ACTIVE_ARCH = YES;
				SDKROOT = iphoneos;
			};
			name = Debug;
		};
		140EB65B1BEDCCCA00E61A81 /* Release */ = {
			isa = XCBuildConfiguration;
			buildSettings = {
				ALWAYS_SEARCH_USER_PATHS = NO;
				CLANG_CXX_LANGUAGE_STANDARD = "gnu++0x";
				CLANG_CXX_LIBRARY = "libc++";
				CLANG_ENABLE_MODULES = YES;
				CLANG_ENABLE_OBJC_ARC = YES;
				CLANG_WARN_BOOL_CONVERSION = YES;
				CLANG_WARN_CONSTANT_CONVERSION = YES;
				CLANG_WARN_DIRECT_OBJC_ISA_USAGE = YES_ERROR;
				CLANG_WARN_EMPTY_BODY = YES;
				CLANG_WARN_ENUM_CONVERSION = YES;
				CLANG_WARN_INT_CONVERSION = YES;
				CLANG_WARN_OBJC_ROOT_CLASS = YES_ERROR;
				CLANG_WARN_UNREACHABLE_CODE = YES;
				CLANG_WARN__DUPLICATE_METHOD_MATCH = YES;
				"CODE_SIGN_IDENTITY[sdk=iphoneos*]" = "iPhone Developer";
				COPY_PHASE_STRIP = NO;
				DEBUG_INFORMATION_FORMAT = "dwarf-with-dsym";
				ENABLE_NS_ASSERTIONS = NO;
				ENABLE_STRICT_OBJC_MSGSEND = YES;
				GCC_C_LANGUAGE_STANDARD = gnu99;
				GCC_NO_COMMON_BLOCKS = YES;
				GCC_WARN_64_TO_32_BIT_CONVERSION = YES;
				GCC_WARN_ABOUT_RETURN_TYPE = YES_ERROR;
				GCC_WARN_UNDECLARED_SELECTOR = YES;
				GCC_WARN_UNINITIALIZED_AUTOS = YES_AGGRESSIVE;
				GCC_WARN_UNUSED_FUNCTION = YES;
				GCC_WARN_UNUSED_VARIABLE = YES;
				IPHONEOS_DEPLOYMENT_TARGET = 9.1;
				MTL_ENABLE_DEBUG_INFO = NO;
				SDKROOT = iphoneos;
				VALIDATE_PRODUCT = YES;
			};
			name = Release;
		};
		140EB65D1BEDCCCA00E61A81 /* Debug */ = {
			isa = XCBuildConfiguration;
			buildSettings = {
				ASSETCATALOG_COMPILER_APPICON_NAME = AppIcon;
				CODE_SIGN_IDENTITY = "iPhone Developer";
				"CODE_SIGN_IDENTITY[sdk=iphoneos*]" = "iPhone Developer";
				INFOPLIST_FILE = CALayerAnimatable/Info.plist;
				LD_RUNPATH_SEARCH_PATHS = "$(inherited) @executable_path/Frameworks";
				PRODUCT_BUNDLE_IDENTIFIER = github.i8023eva.CALayerAnimatable;
				PRODUCT_NAME = "$(TARGET_NAME)";
				PROVISIONING_PROFILE = "";
			};
			name = Debug;
		};
		140EB65E1BEDCCCA00E61A81 /* Release */ = {
			isa = XCBuildConfiguration;
			buildSettings = {
				ASSETCATALOG_COMPILER_APPICON_NAME = AppIcon;
				CODE_SIGN_IDENTITY = "iPhone Developer";
				"CODE_SIGN_IDENTITY[sdk=iphoneos*]" = "iPhone Developer";
				INFOPLIST_FILE = CALayerAnimatable/Info.plist;
				LD_RUNPATH_SEARCH_PATHS = "$(inherited) @executable_path/Frameworks";
				PRODUCT_BUNDLE_IDENTIFIER = github.i8023eva.CALayerAnimatable;
				PRODUCT_NAME = "$(TARGET_NAME)";
				PROVISIONING_PROFILE = "";
			};
			name = Release;
		};
/* End XCBuildConfiguration section */

/* Begin XCConfigurationList section */
		140EB6401BEDCCCA00E61A81 /* Build configuration list for PBXProject "CALayerAnimatable" */ = {
			isa = XCConfigurationList;
			buildConfigurations = (
				140EB65A1BEDCCCA00E61A81 /* Debug */,
				140EB65B1BEDCCCA00E61A81 /* Release */,
			);
			defaultConfigurationIsVisible = 0;
			defaultConfigurationName = Release;
		};
		140EB65C1BEDCCCA00E61A81 /* Build configuration list for PBXNativeTarget "CALayerAnimatable" */ = {
			isa = XCConfigurationList;
			buildConfigurations = (
				140EB65D1BEDCCCA00E61A81 /* Debug */,
				140EB65E1BEDCCCA00E61A81 /* Release */,
			);
			defaultConfigurationIsVisible = 0;
			defaultConfigurationName = Release;
		};
/* End XCConfigurationList section */
	};
	rootObject = 140EB63D1BEDCCCA00E61A81 /* Project object */;
}
